
Microsoft Visual Studio Solution File, Format Version 12.00
Project("{FAE04EC0-301F-11D3-BF4B-00C04F79EFBC}") = "API", "API\API.csproj", "{0E0D44CE-3FD0-41AD-945E-F020CCC2D40B}"
EndProject
Project("{FAE04EC0-301F-11D3-BF4B-00C04F79EFBC}") = "Shared", "Shared\Shared.csproj", "{9AB8B049-AD0A-4AC7-9893-BB1ACEAED44B}"
EndProject
Project("{FAE04EC0-301F-11D3-BF4B-00C04F79EFBC}") = "Infrastructure.Persistence.Ef", "Infrastructure.Persistence.Ef\Infrastructure.Persistence.Ef.csproj", "{87C11D47-A8C6-4AF6-A5C9-7D285293E85B}"
EndProject
Project("{FAE04EC0-301F-11D3-BF4B-00C04F79EFBC}") = "Infrastructure", "Infrastructure\Infrastructure.csproj", "{48A5D1ED-7965-440D-BF8C-E8471A33E268}"
EndProject
Project("{FAE04EC0-301F-11D3-BF4B-00C04F79EFBC}") = "Domain", "Domain\Domain.csproj", "{0CFA28C6-A147-4ED1-94AC-CB28965E7E3B}"
EndProject
Project("{FAE04EC0-301F-11D3-BF4B-00C04F79EFBC}") = "Application", "Application\Application.csproj", "{E45A422B-945D-4ACE-A866-2B6426D3F541}"
EndProject
Project("{FAE04EC0-301F-11D3-BF4B-00C04F79EFBC}") = "SDK", "SDK\SDK.csproj", "{032E9321-04EF-4B1E-B491-64F7548D3EEF}"
EndProject
Project("{2150E333-8FDC-42A3-9474-1A3956D46DE8}") = "Test", "Test", "{FBAD162A-BEBF-4CAB-B10E-A9278E4F1743}"
EndProject
Project("{FAE04EC0-301F-11D3-BF4B-00C04F79EFBC}") = "Domain.Test", "Domain.Test\Domain.Test.csproj", "{41B291A0-A5DD-4728-BB67-9DCB4306FA39}"
EndProject
Project("{2150E333-8FDC-42A3-9474-1A3956D46DE8}") = "Infrastructures", "Infrastructures", "{A2259CE6-3882-4381-B7CC-B150BB7FB263}"
EndProject
Project("{FAE04EC0-301F-11D3-BF4B-00C04F79EFBC}") = "WebUI", "WebUI\WebUI.csproj", "{33D757E8-360C-4DE1-85A4-376F567AB5F0}"
EndProject
Project("{2150E333-8FDC-42A3-9474-1A3956D46DE8}") = "scripts", "scripts", "{643F3D87-D852-448A-AA15-A763EA63AEAC}"
	ProjectSection(SolutionItems) = preProject
		tye.yaml = tye.yaml
		makefile = makefile
	EndProjectSection
EndProject
Project("{FAE04EC0-301F-11D3-BF4B-00C04F79EFBC}") = "SDKIntegration", "SDKIntegration\SDKIntegration.csproj", "{83B9438C-E495-45F8-9CAD-0B0B2ECA6037}"
EndProject
Global
	GlobalSection(SolutionConfigurationPlatforms) = preSolution
		Debug|Any CPU = Debug|Any CPU
		Release|Any CPU = Release|Any CPU
	EndGlobalSection
	GlobalSection(ProjectConfigurationPlatforms) = postSolution
		{0E0D44CE-3FD0-41AD-945E-F020CCC2D40B}.Debug|Any CPU.ActiveCfg = Debug|Any CPU
		{0E0D44CE-3FD0-41AD-945E-F020CCC2D40B}.Debug|Any CPU.Build.0 = Debug|Any CPU
		{0E0D44CE-3FD0-41AD-945E-F020CCC2D40B}.Release|Any CPU.ActiveCfg = Release|Any CPU
		{0E0D44CE-3FD0-41AD-945E-F020CCC2D40B}.Release|Any CPU.Build.0 = Release|Any CPU
		{9AB8B049-AD0A-4AC7-9893-BB1ACEAED44B}.Debug|Any CPU.ActiveCfg = Debug|Any CPU
		{9AB8B049-AD0A-4AC7-9893-BB1ACEAED44B}.Debug|Any CPU.Build.0 = Debug|Any CPU
		{9AB8B049-AD0A-4AC7-9893-BB1ACEAED44B}.Release|Any CPU.ActiveCfg = Release|Any CPU
		{9AB8B049-AD0A-4AC7-9893-BB1ACEAED44B}.Release|Any CPU.Build.0 = Release|Any CPU
		{87C11D47-A8C6-4AF6-A5C9-7D285293E85B}.Debug|Any CPU.ActiveCfg = Debug|Any CPU
		{87C11D47-A8C6-4AF6-A5C9-7D285293E85B}.Debug|Any CPU.Build.0 = Debug|Any CPU
		{87C11D47-A8C6-4AF6-A5C9-7D285293E85B}.Release|Any CPU.ActiveCfg = Release|Any CPU
		{87C11D47-A8C6-4AF6-A5C9-7D285293E85B}.Release|Any CPU.Build.0 = Release|Any CPU
		{48A5D1ED-7965-440D-BF8C-E8471A33E268}.Debug|Any CPU.ActiveCfg = Debug|Any CPU
		{48A5D1ED-7965-440D-BF8C-E8471A33E268}.Debug|Any CPU.Build.0 = Debug|Any CPU
		{48A5D1ED-7965-440D-BF8C-E8471A33E268}.Release|Any CPU.ActiveCfg = Release|Any CPU
		{48A5D1ED-7965-440D-BF8C-E8471A33E268}.Release|Any CPU.Build.0 = Release|Any CPU
		{0CFA28C6-A147-4ED1-94AC-CB28965E7E3B}.Debug|Any CPU.ActiveCfg = Debug|Any CPU
		{0CFA28C6-A147-4ED1-94AC-CB28965E7E3B}.Debug|Any CPU.Build.0 = Debug|Any CPU
		{0CFA28C6-A147-4ED1-94AC-CB28965E7E3B}.Release|Any CPU.ActiveCfg = Release|Any CPU
		{0CFA28C6-A147-4ED1-94AC-CB28965E7E3B}.Release|Any CPU.Build.0 = Release|Any CPU
		{E45A422B-945D-4ACE-A866-2B6426D3F541}.Debug|Any CPU.ActiveCfg = Debug|Any CPU
		{E45A422B-945D-4ACE-A866-2B6426D3F541}.Debug|Any CPU.Build.0 = Debug|Any CPU
		{E45A422B-945D-4ACE-A866-2B6426D3F541}.Release|Any CPU.ActiveCfg = Release|Any CPU
		{E45A422B-945D-4ACE-A866-2B6426D3F541}.Release|Any CPU.Build.0 = Release|Any CPU
		{032E9321-04EF-4B1E-B491-64F7548D3EEF}.Debug|Any CPU.ActiveCfg = Debug|Any CPU
		{032E9321-04EF-4B1E-B491-64F7548D3EEF}.Debug|Any CPU.Build.0 = Debug|Any CPU
		{032E9321-04EF-4B1E-B491-64F7548D3EEF}.Release|Any CPU.ActiveCfg = Release|Any CPU
		{032E9321-04EF-4B1E-B491-64F7548D3EEF}.Release|Any CPU.Build.0 = Release|Any CPU
		{41B291A0-A5DD-4728-BB67-9DCB4306FA39}.Debug|Any CPU.ActiveCfg = Debug|Any CPU
		{41B291A0-A5DD-4728-BB67-9DCB4306FA39}.Debug|Any CPU.Build.0 = Debug|Any CPU
		{41B291A0-A5DD-4728-BB67-9DCB4306FA39}.Release|Any CPU.ActiveCfg = Release|Any CPU
		{41B291A0-A5DD-4728-BB67-9DCB4306FA39}.Release|Any CPU.Build.0 = Release|Any CPU
		{33D757E8-360C-4DE1-85A4-376F567AB5F0}.Debug|Any CPU.ActiveCfg = Debug|Any CPU
		{33D757E8-360C-4DE1-85A4-376F567AB5F0}.Debug|Any CPU.Build.0 = Debug|Any CPU
		{33D757E8-360C-4DE1-85A4-376F567AB5F0}.Release|Any CPU.ActiveCfg = Release|Any CPU
		{33D757E8-360C-4DE1-85A4-376F567AB5F0}.Release|Any CPU.Build.0 = Release|Any CPU
		{83B9438C-E495-45F8-9CAD-0B0B2ECA6037}.Debug|Any CPU.ActiveCfg = Debug|Any CPU
		{83B9438C-E495-45F8-9CAD-0B0B2ECA6037}.Debug|Any CPU.Build.0 = Debug|Any CPU
		{83B9438C-E495-45F8-9CAD-0B0B2ECA6037}.Release|Any CPU.ActiveCfg = Release|Any CPU
		{83B9438C-E495-45F8-9CAD-0B0B2ECA6037}.Release|Any CPU.Build.0 = Release|Any CPU
	EndGlobalSection
	GlobalSection(NestedProjects) = preSolution
		{41B291A0-A5DD-4728-BB67-9DCB4306FA39} = {FBAD162A-BEBF-4CAB-B10E-A9278E4F1743}
		{E45A422B-945D-4ACE-A866-2B6426D3F541} = {A2259CE6-3882-4381-B7CC-B150BB7FB263}
		{0CFA28C6-A147-4ED1-94AC-CB28965E7E3B} = {A2259CE6-3882-4381-B7CC-B150BB7FB263}
		{48A5D1ED-7965-440D-BF8C-E8471A33E268} = {A2259CE6-3882-4381-B7CC-B150BB7FB263}
		{87C11D47-A8C6-4AF6-A5C9-7D285293E85B} = {A2259CE6-3882-4381-B7CC-B150BB7FB263}
		{9AB8B049-AD0A-4AC7-9893-BB1ACEAED44B} = {A2259CE6-3882-4381-B7CC-B150BB7FB263}
	EndGlobalSection
EndGlobal
